
Microsoft Visual Studio Solution File, Format Version 12.00
# Visual Studio Version 16
VisualStudioVersion = 16.0.31005.135
MinimumVisualStudioVersion = 10.0.40219.1
Project("{9A19103F-16F7-4668-BE54-9A1E7A4F7556}") = "DataLibrary", "DataLibranry\DataLibrary.csproj", "{0DB796E1-5B3B-4E3C-9E68-960EA88A464E}"
EndProject
Project("{9A19103F-16F7-4668-BE54-9A1E7A4F7556}") = "ConsoleCaller", "CosoleCaller\ConsoleCaller.csproj", "{5DD88AB0-4759-4A67-802E-196A328C7CC5}"
EndProject
Project("{FAE04EC0-301F-11D3-BF4B-00C04F79EFBC}") = "EmployeeManagement", "EmployeeManagement\EmployeeManagement.csproj", "{D374AD2E-891C-4A2E-B192-E528B89A96EA}"
EndProject
Global
	GlobalSection(SolutionConfigurationPlatforms) = preSolution
		Debug|Any CPU = Debug|Any CPU
		Release|Any CPU = Release|Any CPU
	EndGlobalSection
	GlobalSection(ProjectConfigurationPlatforms) = postSolution
		{0DB796E1-5B3B-4E3C-9E68-960EA88A464E}.Debug|Any CPU.ActiveCfg = Debug|Any CPU
		{0DB796E1-5B3B-4E3C-9E68-960EA88A464E}.Debug|Any CPU.Build.0 = Debug|Any CPU
		{0DB796E1-5B3B-4E3C-9E68-960EA88A464E}.Release|Any CPU.ActiveCfg = Release|Any CPU
		{0DB796E1-5B3B-4E3C-9E68-960EA88A464E}.Release|Any CPU.Build.0 = Release|Any CPU
		{5DD88AB0-4759-4A67-802E-196A328C7CC5}.Debug|Any CPU.ActiveCfg = Debug|Any CPU
		{5DD88AB0-4759-4A67-802E-196A328C7CC5}.Debug|Any CPU.Build.0 = Debug|Any CPU
		{5DD88AB0-4759-4A67-802E-196A328C7CC5}.Release|Any CPU.ActiveCfg = Release|Any CPU
		{5DD88AB0-4759-4A67-802E-196A328C7CC5}.Release|Any CPU.Build.0 = Release|Any CPU
		{D374AD2E-891C-4A2E-B192-E528B89A96EA}.Debug|Any CPU.ActiveCfg = Debug|Any CPU
		{D374AD2E-891C-4A2E-B192-E528B89A96EA}.Debug|Any CPU.Build.0 = Debug|Any CPU
		{D374AD2E-891C-4A2E-B192-E528B89A96EA}.Release|Any CPU.ActiveCfg = Release|Any CPU
		{D374AD2E-891C-4A2E-B192-E528B89A96EA}.Release|Any CPU.Build.0 = Release|Any CPU
	EndGlobalSection
	GlobalSection(SolutionProperties) = preSolution
		HideSolutionNode = FALSE
	EndGlobalSection
	GlobalSection(ExtensibilityGlobals) = postSolution
		SolutionGuid = {736E4081-3064-4547-BD41-D62600B58DFC}
	EndGlobalSection
EndGlobal
